
Microsoft Visual Studio Solution File, Format Version 12.00
# Visual Studio 14
VisualStudioVersion = 14.0.25420.1
MinimumVisualStudioVersion = 10.0.40219.1
Project("{FAE04EC0-301F-11D3-BF4B-00C04F79EFBC}") = "MyMath_Strings", "MyMath\MyMath_Strings.csproj", "{EDDC7B4A-B147-4F68-B4DD-CBCB8BA7828F}"
EndProject
Project("{FAE04EC0-301F-11D3-BF4B-00C04F79EFBC}") = "UnitTestProject1", "UnitTestProject1\UnitTestProject1.csproj", "{DD269424-E173-4113-8943-7E9E6C388396}"
EndProject
Project("{FAE04EC0-301F-11D3-BF4B-00C04F79EFBC}") = "DataLayer", "DataLayer\DataLayer.csproj", "{38443625-374A-41CF-B1DF-D333BD8388F2}"
EndProject
Global
	GlobalSection(SolutionConfigurationPlatforms) = preSolution
		Debug|Any CPU = Debug|Any CPU
		Release|Any CPU = Release|Any CPU
	EndGlobalSection
	GlobalSection(ProjectConfigurationPlatforms) = postSolution
		{EDDC7B4A-B147-4F68-B4DD-CBCB8BA7828F}.Debug|Any CPU.ActiveCfg = Debug|Any CPU
		{EDDC7B4A-B147-4F68-B4DD-CBCB8BA7828F}.Debug|Any CPU.Build.0 = Debug|Any CPU
		{EDDC7B4A-B147-4F68-B4DD-CBCB8BA7828F}.Release|Any CPU.ActiveCfg = Release|Any CPU
		{EDDC7B4A-B147-4F68-B4DD-CBCB8BA7828F}.Release|Any CPU.Build.0 = Release|Any CPU
		{DD269424-E173-4113-8943-7E9E6C388396}.Debug|Any CPU.ActiveCfg = Debug|Any CPU
		{DD269424-E173-4113-8943-7E9E6C388396}.Debug|Any CPU.Build.0 = Debug|Any CPU
		{DD269424-E173-4113-8943-7E9E6C388396}.Release|Any CPU.ActiveCfg = Release|Any CPU
		{DD269424-E173-4113-8943-7E9E6C388396}.Release|Any CPU.Build.0 = Release|Any CPU
		{38443625-374A-41CF-B1DF-D333BD8388F2}.Debug|Any CPU.ActiveCfg = Debug|Any CPU
		{38443625-374A-41CF-B1DF-D333BD8388F2}.Debug|Any CPU.Build.0 = Debug|Any CPU
		{38443625-374A-41CF-B1DF-D333BD8388F2}.Release|Any CPU.ActiveCfg = Release|Any CPU
		{38443625-374A-41CF-B1DF-D333BD8388F2}.Release|Any CPU.Build.0 = Release|Any CPU
	EndGlobalSection
	GlobalSection(SolutionProperties) = preSolution
		HideSolutionNode = FALSE
	EndGlobalSection
EndGlobal
